
Microsoft Visual Studio Solution File, Format Version 12.00
# Visual Studio 15
VisualStudioVersion = 15.0.28307.168
MinimumVisualStudioVersion = 10.0.40219.1
Project("{FAE04EC0-301F-11D3-BF4B-00C04F79EFBC}") = "inoSwitch", "inoSwitch\inoSwitch.csproj", "{1B5797BB-44E0-4430-8D40-DE636E080A37}"
EndProject
Project("{FAE04EC0-301F-11D3-BF4B-00C04F79EFBC}") = "inoAssociate", "inoAssociate\inoAssociate.csproj", "{4C8E60F4-C5E8-43DF-8E4C-4809450E4348}"
EndProject
Global
	GlobalSection(SolutionConfigurationPlatforms) = preSolution
		Debug|Any CPU = Debug|Any CPU
		Release|Any CPU = Release|Any CPU
	EndGlobalSection
	GlobalSection(ProjectConfigurationPlatforms) = postSolution
		{1B5797BB-44E0-4430-8D40-DE636E080A37}.Debug|Any CPU.ActiveCfg = Debug|Any CPU
		{1B5797BB-44E0-4430-8D40-DE636E080A37}.Debug|Any CPU.Build.0 = Debug|Any CPU
		{1B5797BB-44E0-4430-8D40-DE636E080A37}.Release|Any CPU.ActiveCfg = Release|Any CPU
		{1B5797BB-44E0-4430-8D40-DE636E080A37}.Release|Any CPU.Build.0 = Release|Any CPU
		{4C8E60F4-C5E8-43DF-8E4C-4809450E4348}.Debug|Any CPU.ActiveCfg = Debug|Any CPU
		{4C8E60F4-C5E8-43DF-8E4C-4809450E4348}.Debug|Any CPU.Build.0 = Debug|Any CPU
		{4C8E60F4-C5E8-43DF-8E4C-4809450E4348}.Release|Any CPU.ActiveCfg = Release|Any CPU
		{4C8E60F4-C5E8-43DF-8E4C-4809450E4348}.Release|Any CPU.Build.0 = Release|Any CPU
	EndGlobalSection
	GlobalSection(SolutionProperties) = preSolution
		HideSolutionNode = FALSE
	EndGlobalSection
	GlobalSection(ExtensibilityGlobals) = postSolution
		SolutionGuid = {EE1BD7ED-7B0B-4FF3-91D1-B359820DD95E}
	EndGlobalSection
EndGlobal
